// !$*UTF8*$!
{
	archiveVersion = 1;
	classes = {
	};
	objectVersion = 46;
	objects = {

/* Begin PBXBuildFile section */
		6527B7CA13A871DF005A912F /* GHUnitIOS.framework in Frameworks */ = {isa = PBXBuildFile; fileRef = 653D0EF813A784C100A5AB82 /* GHUnitIOS.framework */; };
		653D0E8E13A782AD00A5AB82 /* Foundation.framework in Frameworks */ = {isa = PBXBuildFile; fileRef = 653D0E8D13A782AD00A5AB82 /* Foundation.framework */; };
		653D0E9E13A783A500A5AB82 /* UIKit.framework in Frameworks */ = {isa = PBXBuildFile; fileRef = 653D0E9D13A783A500A5AB82 /* UIKit.framework */; };
		653D0E9F13A783A500A5AB82 /* Foundation.framework in Frameworks */ = {isa = PBXBuildFile; fileRef = 653D0E8D13A782AD00A5AB82 /* Foundation.framework */; };
		653D0EA113A783A500A5AB82 /* CoreGraphics.framework in Frameworks */ = {isa = PBXBuildFile; fileRef = 653D0EA013A783A500A5AB82 /* CoreGraphics.framework */; };
		653D0EC013A783C000A5AB82 /* NSObject+Utils.h in Headers */ = {isa = PBXBuildFile; fileRef = 653D0EB213A783C000A5AB82 /* NSObject+Utils.h */; };
		653D0EC113A783C000A5AB82 /* NSObject+Utils.m in Sources */ = {isa = PBXBuildFile; fileRef = 653D0EB313A783C000A5AB82 /* NSObject+Utils.m */; };
		653D0EC213A783C000A5AB82 /* NSObject+Utils.m in Sources */ = {isa = PBXBuildFile; fileRef = 653D0EB313A783C000A5AB82 /* NSObject+Utils.m */; };
		653D0EC313A783C000A5AB82 /* SIEnums.h in Headers */ = {isa = PBXBuildFile; fileRef = 653D0EB413A783C000A5AB82 /* SIEnums.h */; };
		653D0EC413A783C000A5AB82 /* SIStep.h in Headers */ = {isa = PBXBuildFile; fileRef = 653D0EB513A783C000A5AB82 /* SIStep.h */; };
		653D0EC513A783C000A5AB82 /* SIStep.m in Sources */ = {isa = PBXBuildFile; fileRef = 653D0EB613A783C000A5AB82 /* SIStep.m */; };
		653D0EC613A783C000A5AB82 /* SIStep.m in Sources */ = {isa = PBXBuildFile; fileRef = 653D0EB613A783C000A5AB82 /* SIStep.m */; };
		653D0EC713A783C000A5AB82 /* SIStory.h in Headers */ = {isa = PBXBuildFile; fileRef = 653D0EB713A783C000A5AB82 /* SIStory.h */; };
		653D0EC813A783C000A5AB82 /* SIStory.m in Sources */ = {isa = PBXBuildFile; fileRef = 653D0EB813A783C000A5AB82 /* SIStory.m */; };
		653D0EC913A783C000A5AB82 /* SIStory.m in Sources */ = {isa = PBXBuildFile; fileRef = 653D0EB813A783C000A5AB82 /* SIStory.m */; };
		653D0ECE13A783C000A5AB82 /* SIStoryFileReader.h in Headers */ = {isa = PBXBuildFile; fileRef = 653D0EBC13A783C000A5AB82 /* SIStoryFileReader.h */; };
		653D0ECF13A783C000A5AB82 /* SIStoryFileReader.m in Sources */ = {isa = PBXBuildFile; fileRef = 653D0EBD13A783C000A5AB82 /* SIStoryFileReader.m */; };
		653D0ED013A783C000A5AB82 /* SIStoryFileReader.m in Sources */ = {isa = PBXBuildFile; fileRef = 653D0EBD13A783C000A5AB82 /* SIStoryFileReader.m */; };
		653D0EE413A783DC00A5AB82 /* SIStepTests.m in Sources */ = {isa = PBXBuildFile; fileRef = 653D0ED713A783DC00A5AB82 /* SIStepTests.m */; };
		653D0EE813A783DC00A5AB82 /* SIStoryFileReaderTests.m in Sources */ = {isa = PBXBuildFile; fileRef = 653D0ED913A783DC00A5AB82 /* SIStoryFileReaderTests.m */; };
		653D0EEC13A783DC00A5AB82 /* UITreeTests.m in Sources */ = {isa = PBXBuildFile; fileRef = 653D0EDB13A783DC00A5AB82 /* UITreeTests.m */; };
		653D0EEE13A783DC00A5AB82 /* Invalid Syntax.stories in Resources */ = {isa = PBXBuildFile; fileRef = 653D0EDE13A783DC00A5AB82 /* Invalid Syntax.stories */; };
		653D0EEF13A783DC00A5AB82 /* Story files.stories in Resources */ = {isa = PBXBuildFile; fileRef = 653D0EDF13A783DC00A5AB82 /* Story files.stories */; };
		653D0EF113A7842500A5AB82 /* Simon-Prefix.pch in Headers */ = {isa = PBXBuildFile; fileRef = 653D0EF013A7842500A5AB82 /* Simon-Prefix.pch */; };
		653D0EF313A7846B00A5AB82 /* dUsefulStuff.framework in Frameworks */ = {isa = PBXBuildFile; fileRef = 653D0EF213A7846B00A5AB82 /* dUsefulStuff.framework */; };
		653D0EFD13A7851C00A5AB82 /* dUsefulStuff.framework in Frameworks */ = {isa = PBXBuildFile; fileRef = 653D0EF213A7846B00A5AB82 /* dUsefulStuff.framework */; };
		653D0EFE13A7852200A5AB82 /* OCMock.framework in Frameworks */ = {isa = PBXBuildFile; fileRef = 653D0EF613A784A500A5AB82 /* OCMock.framework */; };
		6551A98113AB904A00679B94 /* SIStoryRunner.h in Headers */ = {isa = PBXBuildFile; fileRef = 6551A97F13AB904900679B94 /* SIStoryRunner.h */; };
		6551A98213AB904A00679B94 /* SIStoryRunner.m in Sources */ = {isa = PBXBuildFile; fileRef = 6551A98013AB904A00679B94 /* SIStoryRunner.m */; };
		6551A98313AB904A00679B94 /* SIStoryRunner.m in Sources */ = {isa = PBXBuildFile; fileRef = 6551A98013AB904A00679B94 /* SIStoryRunner.m */; };
		6551A98713AB931F00679B94 /* SIStoryRunnerTests.m in Sources */ = {isa = PBXBuildFile; fileRef = 6551A98613AB931F00679B94 /* SIStoryRunnerTests.m */; };
		6551A98A13AC8A5300679B94 /* NSString+Utils.h in Headers */ = {isa = PBXBuildFile; fileRef = 6551A98813AC8A5200679B94 /* NSString+Utils.h */; };
		6551A98B13AC8A5300679B94 /* NSString+Utils.m in Sources */ = {isa = PBXBuildFile; fileRef = 6551A98913AC8A5200679B94 /* NSString+Utils.m */; };
		6551A98C13AC8A5300679B94 /* NSString+Utils.m in Sources */ = {isa = PBXBuildFile; fileRef = 6551A98913AC8A5200679B94 /* NSString+Utils.m */; };
		6551A99013AC8B8900679B94 /* NSString+UtilsTests.m in Sources */ = {isa = PBXBuildFile; fileRef = 6551A98E13AC8B8900679B94 /* NSString+UtilsTests.m */; };
		6551A99113AC8B8900679B94 /* NSString+UtilsTests.m in Sources */ = {isa = PBXBuildFile; fileRef = 6551A98E13AC8B8900679B94 /* NSString+UtilsTests.m */; };
		6551A99313ACDEBE00679B94 /* SISimon.h in Headers */ = {isa = PBXBuildFile; fileRef = 6551A99213ACDEBE00679B94 /* SISimon.h */; settings = {ATTRIBUTES = (Public, ); }; };
		65A85A6413A86C6600599E31 /* GHUnitIOSTestMain.m in Sources */ = {isa = PBXBuildFile; fileRef = 65A85A6313A86C6600599E31 /* GHUnitIOSTestMain.m */; };
		65D35BB913A872C50007A8AD /* CoreData.framework in Frameworks */ = {isa = PBXBuildFile; fileRef = 65D35BB813A872C50007A8AD /* CoreData.framework */; };
		65D35BBB13A872CE0007A8AD /* CoreData.framework in Frameworks */ = {isa = PBXBuildFile; fileRef = 65D35BB813A872C50007A8AD /* CoreData.framework */; };
		65D35BC313A8BA130007A8AD /* NSObject+UtilsTests.m in Sources */ = {isa = PBXBuildFile; fileRef = 65D35BC213A8BA130007A8AD /* NSObject+UtilsTests.m */; };
		65FCD11413ADDA7100A90FCA /* SISimon.m in Sources */ = {isa = PBXBuildFile; fileRef = 65FCD11313ADDA7100A90FCA /* SISimon.m */; };
		65FCD11513ADDA7100A90FCA /* SISimon.m in Sources */ = {isa = PBXBuildFile; fileRef = 65FCD11313ADDA7100A90FCA /* SISimon.m */; };
		65FCD11913ADE3F700A90FCA /* SIRuntimeTests.m in Sources */ = {isa = PBXBuildFile; fileRef = 65FCD11713ADE3C200A90FCA /* SIRuntimeTests.m */; };
		65FCD11E13AE2D6A00A90FCA /* SIStepMapping.h in Headers */ = {isa = PBXBuildFile; fileRef = 65FCD11C13AE2D6900A90FCA /* SIStepMapping.h */; };
		65FCD11F13AE2D6A00A90FCA /* SIStepMapping.m in Sources */ = {isa = PBXBuildFile; fileRef = 65FCD11D13AE2D6900A90FCA /* SIStepMapping.m */; };
		65FCD12013AE2D6A00A90FCA /* SIStepMapping.m in Sources */ = {isa = PBXBuildFile; fileRef = 65FCD11D13AE2D6900A90FCA /* SIStepMapping.m */; };
		65FCD12613AF622400A90FCA /* SIRuntime.h in Headers */ = {isa = PBXBuildFile; fileRef = 65FCD12413AF622300A90FCA /* SIRuntime.h */; };
		65FCD12713AF622400A90FCA /* SIRuntime.m in Sources */ = {isa = PBXBuildFile; fileRef = 65FCD12513AF622300A90FCA /* SIRuntime.m */; };
		65FCD12813AF622400A90FCA /* SIRuntime.m in Sources */ = {isa = PBXBuildFile; fileRef = 65FCD12513AF622300A90FCA /* SIRuntime.m */; };
		65FCD12E13B2291400A90FCA /* Unformatted.stories in Resources */ = {isa = PBXBuildFile; fileRef = 65FCD12D13B2245D00A90FCA /* Unformatted.stories */; };
		65FCD13313B23E9100A90FCA /* SIStepMappingTests.m in Sources */ = {isa = PBXBuildFile; fileRef = 65FCD13013B23E8400A90FCA /* SIStepMappingTests.m */; };
/* End PBXBuildFile section */

/* Begin PBXFileReference section */
		653D0E8A13A782AD00A5AB82 /* libSimon.a */ = {isa = PBXFileReference; explicitFileType = archive.ar; includeInIndex = 0; path = libSimon.a; sourceTree = BUILT_PRODUCTS_DIR; };
		653D0E8D13A782AD00A5AB82 /* Foundation.framework */ = {isa = PBXFileReference; lastKnownFileType = wrapper.framework; name = Foundation.framework; path = System/Library/Frameworks/Foundation.framework; sourceTree = SDKROOT; };
		653D0E9113A782AD00A5AB82 /* Simon-Prefix.pch */ = {isa = PBXFileReference; lastKnownFileType = sourcecode.c.h; path = "Simon-Prefix.pch"; sourceTree = "<group>"; };
		653D0E9B13A783A500A5AB82 /* Unit tests.app */ = {isa = PBXFileReference; explicitFileType = wrapper.application; includeInIndex = 0; path = "Unit tests.app"; sourceTree = BUILT_PRODUCTS_DIR; };
		653D0E9D13A783A500A5AB82 /* UIKit.framework */ = {isa = PBXFileReference; lastKnownFileType = wrapper.framework; name = UIKit.framework; path = System/Library/Frameworks/UIKit.framework; sourceTree = SDKROOT; };
		653D0EA013A783A500A5AB82 /* CoreGraphics.framework */ = {isa = PBXFileReference; lastKnownFileType = wrapper.framework; name = CoreGraphics.framework; path = System/Library/Frameworks/CoreGraphics.framework; sourceTree = SDKROOT; };
		653D0EB213A783C000A5AB82 /* NSObject+Utils.h */ = {isa = PBXFileReference; fileEncoding = 4; lastKnownFileType = sourcecode.c.h; path = "NSObject+Utils.h"; sourceTree = "<group>"; };
		653D0EB313A783C000A5AB82 /* NSObject+Utils.m */ = {isa = PBXFileReference; fileEncoding = 4; lastKnownFileType = sourcecode.c.objc; path = "NSObject+Utils.m"; sourceTree = "<group>"; };
		653D0EB413A783C000A5AB82 /* SIEnums.h */ = {isa = PBXFileReference; fileEncoding = 4; lastKnownFileType = sourcecode.c.h; path = SIEnums.h; sourceTree = "<group>"; };
		653D0EB513A783C000A5AB82 /* SIStep.h */ = {isa = PBXFileReference; fileEncoding = 4; lastKnownFileType = sourcecode.c.h; path = SIStep.h; sourceTree = "<group>"; };
		653D0EB613A783C000A5AB82 /* SIStep.m */ = {isa = PBXFileReference; fileEncoding = 4; lastKnownFileType = sourcecode.c.objc; path = SIStep.m; sourceTree = "<group>"; };
		653D0EB713A783C000A5AB82 /* SIStory.h */ = {isa = PBXFileReference; fileEncoding = 4; lastKnownFileType = sourcecode.c.h; path = SIStory.h; sourceTree = "<group>"; };
		653D0EB813A783C000A5AB82 /* SIStory.m */ = {isa = PBXFileReference; fileEncoding = 4; lastKnownFileType = sourcecode.c.objc; path = SIStory.m; sourceTree = "<group>"; };
		653D0EBC13A783C000A5AB82 /* SIStoryFileReader.h */ = {isa = PBXFileReference; fileEncoding = 4; lastKnownFileType = sourcecode.c.h; path = SIStoryFileReader.h; sourceTree = "<group>"; };
		653D0EBD13A783C000A5AB82 /* SIStoryFileReader.m */ = {isa = PBXFileReference; fileEncoding = 4; lastKnownFileType = sourcecode.c.objc; path = SIStoryFileReader.m; sourceTree = "<group>"; };
		653D0ED513A783DC00A5AB82 /* GHUnit-Tests-Info.plist */ = {isa = PBXFileReference; fileEncoding = 4; lastKnownFileType = text.plist.xml; path = "GHUnit-Tests-Info.plist"; sourceTree = "<group>"; };
		653D0ED713A783DC00A5AB82 /* SIStepTests.m */ = {isa = PBXFileReference; fileEncoding = 4; lastKnownFileType = sourcecode.c.objc; path = SIStepTests.m; sourceTree = "<group>"; };
		653D0ED913A783DC00A5AB82 /* SIStoryFileReaderTests.m */ = {isa = PBXFileReference; fileEncoding = 4; lastKnownFileType = sourcecode.c.objc; path = SIStoryFileReaderTests.m; sourceTree = "<group>"; };
		653D0EDB13A783DC00A5AB82 /* UITreeTests.m */ = {isa = PBXFileReference; fileEncoding = 4; lastKnownFileType = sourcecode.c.objc; path = UITreeTests.m; sourceTree = "<group>"; };
		653D0EDE13A783DC00A5AB82 /* Invalid Syntax.stories */ = {isa = PBXFileReference; fileEncoding = 4; lastKnownFileType = text; path = "Invalid Syntax.stories"; sourceTree = "<group>"; };
		653D0EDF13A783DC00A5AB82 /* Story files.stories */ = {isa = PBXFileReference; fileEncoding = 4; lastKnownFileType = text; path = "Story files.stories"; sourceTree = "<group>"; };
		653D0EF013A7842500A5AB82 /* Simon-Prefix.pch */ = {isa = PBXFileReference; fileEncoding = 4; lastKnownFileType = sourcecode.c.h; path = "Simon-Prefix.pch"; sourceTree = "<group>"; };
		653D0EF213A7846B00A5AB82 /* dUsefulStuff.framework */ = {isa = PBXFileReference; lastKnownFileType = wrapper.framework; name = dUsefulStuff.framework; path = ../Releases/dUsefulStuff/v0.0.10/dUsefulStuff.framework; sourceTree = "<group>"; };
		653D0EF613A784A500A5AB82 /* OCMock.framework */ = {isa = PBXFileReference; lastKnownFileType = wrapper.framework; name = OCMock.framework; path = ../tools/OCMock.framework; sourceTree = "<group>"; };
		653D0EF813A784C100A5AB82 /* GHUnitIOS.framework */ = {isa = PBXFileReference; lastKnownFileType = wrapper.framework; name = GHUnitIOS.framework; path = "../tools/GHUnit 0.4.28/GHUnitIOS.framework"; sourceTree = "<group>"; };
		6551A97F13AB904900679B94 /* SIStoryRunner.h */ = {isa = PBXFileReference; fileEncoding = 4; lastKnownFileType = sourcecode.c.h; path = SIStoryRunner.h; sourceTree = "<group>"; };
		6551A98013AB904A00679B94 /* SIStoryRunner.m */ = {isa = PBXFileReference; fileEncoding = 4; lastKnownFileType = sourcecode.c.objc; path = SIStoryRunner.m; sourceTree = "<group>"; };
		6551A98613AB931F00679B94 /* SIStoryRunnerTests.m */ = {isa = PBXFileReference; fileEncoding = 4; lastKnownFileType = sourcecode.c.objc; path = SIStoryRunnerTests.m; sourceTree = "<group>"; };
		6551A98813AC8A5200679B94 /* NSString+Utils.h */ = {isa = PBXFileReference; fileEncoding = 4; lastKnownFileType = sourcecode.c.h; path = "NSString+Utils.h"; sourceTree = "<group>"; };
		6551A98913AC8A5200679B94 /* NSString+Utils.m */ = {isa = PBXFileReference; fileEncoding = 4; lastKnownFileType = sourcecode.c.objc; path = "NSString+Utils.m"; sourceTree = "<group>"; };
		6551A98E13AC8B8900679B94 /* NSString+UtilsTests.m */ = {isa = PBXFileReference; fileEncoding = 4; lastKnownFileType = sourcecode.c.objc; path = "NSString+UtilsTests.m"; sourceTree = "<group>"; };
		6551A99213ACDEBE00679B94 /* SISimon.h */ = {isa = PBXFileReference; fileEncoding = 4; lastKnownFileType = sourcecode.c.h; path = SISimon.h; sourceTree = "<group>"; };
		65A85A6313A86C6600599E31 /* GHUnitIOSTestMain.m */ = {isa = PBXFileReference; fileEncoding = 4; lastKnownFileType = sourcecode.c.objc; path = GHUnitIOSTestMain.m; sourceTree = "<group>"; };
		65D35BB813A872C50007A8AD /* CoreData.framework */ = {isa = PBXFileReference; lastKnownFileType = wrapper.framework; name = CoreData.framework; path = System/Library/Frameworks/CoreData.framework; sourceTree = SDKROOT; };
		65D35BC213A8BA130007A8AD /* NSObject+UtilsTests.m */ = {isa = PBXFileReference; fileEncoding = 4; lastKnownFileType = sourcecode.c.objc; path = "NSObject+UtilsTests.m"; sourceTree = "<group>"; };
		65FCD11313ADDA7100A90FCA /* SISimon.m */ = {isa = PBXFileReference; fileEncoding = 4; lastKnownFileType = sourcecode.c.objc; path = SISimon.m; sourceTree = "<group>"; };
		65FCD11713ADE3C200A90FCA /* SIRuntimeTests.m */ = {isa = PBXFileReference; fileEncoding = 4; lastKnownFileType = sourcecode.c.objc; path = SIRuntimeTests.m; sourceTree = "<group>"; };
		65FCD11C13AE2D6900A90FCA /* SIStepMapping.h */ = {isa = PBXFileReference; fileEncoding = 4; lastKnownFileType = sourcecode.c.h; path = SIStepMapping.h; sourceTree = "<group>"; };
		65FCD11D13AE2D6900A90FCA /* SIStepMapping.m */ = {isa = PBXFileReference; fileEncoding = 4; lastKnownFileType = sourcecode.c.objc; path = SIStepMapping.m; sourceTree = "<group>"; };
		65FCD12413AF622300A90FCA /* SIRuntime.h */ = {isa = PBXFileReference; fileEncoding = 4; lastKnownFileType = sourcecode.c.h; path = SIRuntime.h; sourceTree = "<group>"; };
		65FCD12513AF622300A90FCA /* SIRuntime.m */ = {isa = PBXFileReference; fileEncoding = 4; lastKnownFileType = sourcecode.c.objc; path = SIRuntime.m; sourceTree = "<group>"; };
		65FCD12B13AF808000A90FCA /* libobjc.A.dylib */ = {isa = PBXFileReference; lastKnownFileType = "compiled.mach-o.dylib"; name = libobjc.A.dylib; path = usr/lib/libobjc.A.dylib; sourceTree = SDKROOT; };
		65FCD12D13B2245D00A90FCA /* Unformatted.stories */ = {isa = PBXFileReference; fileEncoding = 4; lastKnownFileType = text; path = Unformatted.stories; sourceTree = "<group>"; };
		65FCD13013B23E8400A90FCA /* SIStepMappingTests.m */ = {isa = PBXFileReference; fileEncoding = 4; lastKnownFileType = sourcecode.c.objc; path = SIStepMappingTests.m; sourceTree = "<group>"; };
/* End PBXFileReference section */

/* Begin PBXFrameworksBuildPhase section */
		653D0E8713A782AD00A5AB82 /* Frameworks */ = {
			isa = PBXFrameworksBuildPhase;
			buildActionMask = 2147483647;
			files = (
				653D0EF313A7846B00A5AB82 /* dUsefulStuff.framework in Frameworks */,
				653D0E8E13A782AD00A5AB82 /* Foundation.framework in Frameworks */,
				65D35BBB13A872CE0007A8AD /* CoreData.framework in Frameworks */,
			);
			runOnlyForDeploymentPostprocessing = 0;
		};
		653D0E9813A783A500A5AB82 /* Frameworks */ = {
			isa = PBXFrameworksBuildPhase;
			buildActionMask = 2147483647;
			files = (
				65D35BB913A872C50007A8AD /* CoreData.framework in Frameworks */,
				653D0E9E13A783A500A5AB82 /* UIKit.framework in Frameworks */,
				653D0E9F13A783A500A5AB82 /* Foundation.framework in Frameworks */,
				653D0EA113A783A500A5AB82 /* CoreGraphics.framework in Frameworks */,
				653D0EFD13A7851C00A5AB82 /* dUsefulStuff.framework in Frameworks */,
				653D0EFE13A7852200A5AB82 /* OCMock.framework in Frameworks */,
				6527B7CA13A871DF005A912F /* GHUnitIOS.framework in Frameworks */,
			);
			runOnlyForDeploymentPostprocessing = 0;
		};
/* End PBXFrameworksBuildPhase section */

/* Begin PBXGroup section */
		653D0E7F13A782AC00A5AB82 = {
			isa = PBXGroup;
			children = (
				65FCD12B13AF808000A90FCA /* libobjc.A.dylib */,
				653D0EF013A7842500A5AB82 /* Simon-Prefix.pch */,
				653D0ED413A783DC00A5AB82 /* tests */,
				653D0EB113A783C000A5AB82 /* classes */,
				653D0E8F13A782AD00A5AB82 /* Simon */,
				653D0E8C13A782AD00A5AB82 /* Frameworks */,
				653D0E8B13A782AD00A5AB82 /* Products */,
			);
			sourceTree = "<group>";
		};
		653D0E8B13A782AD00A5AB82 /* Products */ = {
			isa = PBXGroup;
			children = (
				653D0E8A13A782AD00A5AB82 /* libSimon.a */,
				653D0E9B13A783A500A5AB82 /* Unit tests.app */,
			);
			name = Products;
			sourceTree = "<group>";
		};
		653D0E8C13A782AD00A5AB82 /* Frameworks */ = {
			isa = PBXGroup;
			children = (
				65D35BB813A872C50007A8AD /* CoreData.framework */,
				653D0EF213A7846B00A5AB82 /* dUsefulStuff.framework */,
				653D0EF813A784C100A5AB82 /* GHUnitIOS.framework */,
				653D0EF613A784A500A5AB82 /* OCMock.framework */,
				653D0E8D13A782AD00A5AB82 /* Foundation.framework */,
				653D0E9D13A783A500A5AB82 /* UIKit.framework */,
				653D0EA013A783A500A5AB82 /* CoreGraphics.framework */,
			);
			name = Frameworks;
			sourceTree = "<group>";
		};
		653D0E8F13A782AD00A5AB82 /* Simon */ = {
			isa = PBXGroup;
			children = (
				653D0E9013A782AD00A5AB82 /* Supporting Files */,
			);
			path = Simon;
			sourceTree = "<group>";
		};
		653D0E9013A782AD00A5AB82 /* Supporting Files */ = {
			isa = PBXGroup;
			children = (
				653D0E9113A782AD00A5AB82 /* Simon-Prefix.pch */,
			);
			name = "Supporting Files";
			sourceTree = "<group>";
		};
		653D0EB113A783C000A5AB82 /* classes */ = {
			isa = PBXGroup;
			children = (
				653D0EB213A783C000A5AB82 /* NSObject+Utils.h */,
				653D0EB313A783C000A5AB82 /* NSObject+Utils.m */,
				653D0EB413A783C000A5AB82 /* SIEnums.h */,
				653D0EB513A783C000A5AB82 /* SIStep.h */,
				653D0EB613A783C000A5AB82 /* SIStep.m */,
				653D0EB713A783C000A5AB82 /* SIStory.h */,
				653D0EB813A783C000A5AB82 /* SIStory.m */,
				653D0EBC13A783C000A5AB82 /* SIStoryFileReader.h */,
				653D0EBD13A783C000A5AB82 /* SIStoryFileReader.m */,
				6551A97F13AB904900679B94 /* SIStoryRunner.h */,
				6551A98013AB904A00679B94 /* SIStoryRunner.m */,
				6551A98813AC8A5200679B94 /* NSString+Utils.h */,
				6551A98913AC8A5200679B94 /* NSString+Utils.m */,
				6551A99213ACDEBE00679B94 /* SISimon.h */,
				65FCD11313ADDA7100A90FCA /* SISimon.m */,
				65FCD11C13AE2D6900A90FCA /* SIStepMapping.h */,
				65FCD11D13AE2D6900A90FCA /* SIStepMapping.m */,
				65FCD12413AF622300A90FCA /* SIRuntime.h */,
				65FCD12513AF622300A90FCA /* SIRuntime.m */,
			);
			path = classes;
			sourceTree = "<group>";
		};
		653D0ED413A783DC00A5AB82 /* tests */ = {
			isa = PBXGroup;
			children = (
				65A85A6313A86C6600599E31 /* GHUnitIOSTestMain.m */,
				653D0ED513A783DC00A5AB82 /* GHUnit-Tests-Info.plist */,
				653D0ED713A783DC00A5AB82 /* SIStepTests.m */,
				65FCD13013B23E8400A90FCA /* SIStepMappingTests.m */,
				653D0ED913A783DC00A5AB82 /* SIStoryFileReaderTests.m */,
				653D0EDB13A783DC00A5AB82 /* UITreeTests.m */,
				65D35BC213A8BA130007A8AD /* NSObject+UtilsTests.m */,
				6551A98613AB931F00679B94 /* SIStoryRunnerTests.m */,
				6551A98E13AC8B8900679B94 /* NSString+UtilsTests.m */,
				65FCD11713ADE3C200A90FCA /* SIRuntimeTests.m */,
				653D0EDD13A783DC00A5AB82 /* stories */,
			);
			path = tests;
			sourceTree = "<group>";
		};
		653D0EDD13A783DC00A5AB82 /* stories */ = {
			isa = PBXGroup;
			children = (
				653D0EDE13A783DC00A5AB82 /* Invalid Syntax.stories */,
				653D0EDF13A783DC00A5AB82 /* Story files.stories */,
				65FCD12D13B2245D00A90FCA /* Unformatted.stories */,
			);
			path = stories;
			sourceTree = "<group>";
		};
/* End PBXGroup section */

/* Begin PBXHeadersBuildPhase section */
		653D0E8813A782AD00A5AB82 /* Headers */ = {
			isa = PBXHeadersBuildPhase;
			buildActionMask = 2147483647;
			files = (
				653D0EC013A783C000A5AB82 /* NSObject+Utils.h in Headers */,
				653D0EC313A783C000A5AB82 /* SIEnums.h in Headers */,
				653D0EC413A783C000A5AB82 /* SIStep.h in Headers */,
				653D0EC713A783C000A5AB82 /* SIStory.h in Headers */,
				653D0ECE13A783C000A5AB82 /* SIStoryFileReader.h in Headers */,
				653D0EF113A7842500A5AB82 /* Simon-Prefix.pch in Headers */,
				6551A98113AB904A00679B94 /* SIStoryRunner.h in Headers */,
				6551A98A13AC8A5300679B94 /* NSString+Utils.h in Headers */,
				6551A99313ACDEBE00679B94 /* SISimon.h in Headers */,
				65FCD11E13AE2D6A00A90FCA /* SIStepMapping.h in Headers */,
				65FCD12613AF622400A90FCA /* SIRuntime.h in Headers */,
			);
			runOnlyForDeploymentPostprocessing = 0;
		};
/* End PBXHeadersBuildPhase section */

/* Begin PBXNativeTarget section */
		653D0E8913A782AD00A5AB82 /* Simon */ = {
			isa = PBXNativeTarget;
			buildConfigurationList = 653D0E9413A782AD00A5AB82 /* Build configuration list for PBXNativeTarget "Simon" */;
			buildPhases = (
				653D0E8613A782AD00A5AB82 /* Sources */,
				653D0E8713A782AD00A5AB82 /* Frameworks */,
				653D0E8813A782AD00A5AB82 /* Headers */,
			);
			buildRules = (
			);
			dependencies = (
			);
			name = Simon;
			productName = Simon;
			productReference = 653D0E8A13A782AD00A5AB82 /* libSimon.a */;
			productType = "com.apple.product-type.library.static";
		};
		653D0E9A13A783A500A5AB82 /* Unit tests */ = {
			isa = PBXNativeTarget;
			buildConfigurationList = 653D0EAE13A783A500A5AB82 /* Build configuration list for PBXNativeTarget "Unit tests" */;
			buildPhases = (
				653D0E9713A783A500A5AB82 /* Sources */,
				653D0E9813A783A500A5AB82 /* Frameworks */,
				653D0E9913A783A500A5AB82 /* Resources */,
			);
			buildRules = (
			);
			dependencies = (
			);
			name = "Unit tests";
			productName = "Unit tests";
			productReference = 653D0E9B13A783A500A5AB82 /* Unit tests.app */;
			productType = "com.apple.product-type.application";
		};
/* End PBXNativeTarget section */

/* Begin PBXProject section */
		653D0E8113A782AC00A5AB82 /* Project object */ = {
			isa = PBXProject;
			attributes = {
				ORGANIZATIONNAME = Sensis;
			};
			buildConfigurationList = 653D0E8413A782AC00A5AB82 /* Build configuration list for PBXProject "Simon" */;
			compatibilityVersion = "Xcode 3.2";
			developmentRegion = English;
			hasScannedForEncodings = 0;
			knownRegions = (
				en,
			);
			mainGroup = 653D0E7F13A782AC00A5AB82;
			productRefGroup = 653D0E8B13A782AD00A5AB82 /* Products */;
			projectDirPath = "";
			projectRoot = "";
			targets = (
				653D0E8913A782AD00A5AB82 /* Simon */,
				653D0E9A13A783A500A5AB82 /* Unit tests */,
			);
		};
/* End PBXProject section */

/* Begin PBXResourcesBuildPhase section */
		653D0E9913A783A500A5AB82 /* Resources */ = {
			isa = PBXResourcesBuildPhase;
			buildActionMask = 2147483647;
			files = (
				653D0EEE13A783DC00A5AB82 /* Invalid Syntax.stories in Resources */,
				653D0EEF13A783DC00A5AB82 /* Story files.stories in Resources */,
				65FCD12E13B2291400A90FCA /* Unformatted.stories in Resources */,
			);
			runOnlyForDeploymentPostprocessing = 0;
		};
/* End PBXResourcesBuildPhase section */

/* Begin PBXSourcesBuildPhase section */
		653D0E8613A782AD00A5AB82 /* Sources */ = {
			isa = PBXSourcesBuildPhase;
			buildActionMask = 2147483647;
			files = (
				653D0EC113A783C000A5AB82 /* NSObject+Utils.m in Sources */,
				653D0EC513A783C000A5AB82 /* SIStep.m in Sources */,
				653D0EC813A783C000A5AB82 /* SIStory.m in Sources */,
				653D0ECF13A783C000A5AB82 /* SIStoryFileReader.m in Sources */,
				6551A98213AB904A00679B94 /* SIStoryRunner.m in Sources */,
				6551A98B13AC8A5300679B94 /* NSString+Utils.m in Sources */,
				6551A99013AC8B8900679B94 /* NSString+UtilsTests.m in Sources */,
				65FCD11413ADDA7100A90FCA /* SISimon.m in Sources */,
				65FCD11F13AE2D6A00A90FCA /* SIStepMapping.m in Sources */,
				65FCD12713AF622400A90FCA /* SIRuntime.m in Sources */,
			);
			runOnlyForDeploymentPostprocessing = 0;
		};
		653D0E9713A783A500A5AB82 /* Sources */ = {
			isa = PBXSourcesBuildPhase;
			buildActionMask = 2147483647;
			files = (
				653D0EC213A783C000A5AB82 /* NSObject+Utils.m in Sources */,
				653D0EC613A783C000A5AB82 /* SIStep.m in Sources */,
				653D0EC913A783C000A5AB82 /* SIStory.m in Sources */,
				653D0ED013A783C000A5AB82 /* SIStoryFileReader.m in Sources */,
				653D0EE413A783DC00A5AB82 /* SIStepTests.m in Sources */,
				653D0EE813A783DC00A5AB82 /* SIStoryFileReaderTests.m in Sources */,
				653D0EEC13A783DC00A5AB82 /* UITreeTests.m in Sources */,
				65A85A6413A86C6600599E31 /* GHUnitIOSTestMain.m in Sources */,
				65D35BC313A8BA130007A8AD /* NSObject+UtilsTests.m in Sources */,
				6551A98313AB904A00679B94 /* SIStoryRunner.m in Sources */,
				6551A98713AB931F00679B94 /* SIStoryRunnerTests.m in Sources */,
				6551A98C13AC8A5300679B94 /* NSString+Utils.m in Sources */,
				6551A99113AC8B8900679B94 /* NSString+UtilsTests.m in Sources */,
				65FCD11513ADDA7100A90FCA /* SISimon.m in Sources */,
				65FCD11913ADE3F700A90FCA /* SIRuntimeTests.m in Sources */,
				65FCD12013AE2D6A00A90FCA /* SIStepMapping.m in Sources */,
				65FCD12813AF622400A90FCA /* SIRuntime.m in Sources */,
				65FCD13313B23E9100A90FCA /* SIStepMappingTests.m in Sources */,
			);
			runOnlyForDeploymentPostprocessing = 0;
		};
/* End PBXSourcesBuildPhase section */

/* Begin XCBuildConfiguration section */
		653D0E9213A782AD00A5AB82 /* Debug */ = {
			isa = XCBuildConfiguration;
			buildSettings = {
				ALWAYS_SEARCH_USER_PATHS = NO;
				ARCHS = "$(ARCHS_STANDARD_32_BIT)";
				CLANG_ENABLE_OBJC_ARC = NO;
				CLANG_WARN_OBJCPP_ARC_ABI = NO;
				COPY_PHASE_STRIP = NO;
				GCC_C_LANGUAGE_STANDARD = gnu99;
				GCC_DYNAMIC_NO_PIC = NO;
				GCC_OPTIMIZATION_LEVEL = 0;
				GCC_PREPROCESSOR_DEFINITIONS = DC_DEBUG;
				GCC_SYMBOLS_PRIVATE_EXTERN = NO;
				GCC_VERSION = com.apple.compilers.llvm.clang.1_0;
				GCC_WARN_ABOUT_MISSING_PROTOTYPES = YES;
				GCC_WARN_ABOUT_RETURN_TYPE = YES;
				GCC_WARN_UNUSED_VARIABLE = YES;
				IPHONEOS_DEPLOYMENT_TARGET = 4.2;
				OTHER_LDFLAGS = (
					"-ObjC",
					"-all_load",
				);
				SDKROOT = iphoneos;
			};
			name = Debug;
		};
		653D0E9313A782AD00A5AB82 /* Release */ = {
			isa = XCBuildConfiguration;
			buildSettings = {
				ALWAYS_SEARCH_USER_PATHS = NO;
				ARCHS = "$(ARCHS_STANDARD_32_BIT)";
				CLANG_ENABLE_OBJC_ARC = NO;
				CLANG_WARN_OBJCPP_ARC_ABI = NO;
				COPY_PHASE_STRIP = YES;
				GCC_C_LANGUAGE_STANDARD = gnu99;
				GCC_PREPROCESSOR_DEFINITIONS = DC_DEBUG;
				GCC_VERSION = com.apple.compilers.llvm.clang.1_0;
				GCC_WARN_ABOUT_MISSING_PROTOTYPES = YES;
				GCC_WARN_ABOUT_RETURN_TYPE = YES;
				GCC_WARN_UNUSED_VARIABLE = YES;
				IPHONEOS_DEPLOYMENT_TARGET = 4.2;
				OTHER_LDFLAGS = (
					"-ObjC",
					"-all_load",
				);
				SDKROOT = iphoneos;
				VALIDATE_PRODUCT = YES;
			};
			name = Release;
		};
		653D0E9513A782AD00A5AB82 /* Debug */ = {
			isa = XCBuildConfiguration;
			buildSettings = {
				DSTROOT = /tmp/Simon.dst;
				FRAMEWORK_SEARCH_PATHS = (
					"$(inherited)",
					"\"$(SRCROOT)/../Releases/dUsefulStuff/v0.0.10\"",
					"\"$(SRCROOT)/../Releases/ParseKit/v1.0.0\"",
					"\"$(SRCROOT)/../tools/OCHamcrest-1.5\"",
				);
				GCC_PRECOMPILE_PREFIX_HEADER = YES;
				GCC_PREFIX_HEADER = "Simon-Prefix.pch";
				PRODUCT_NAME = "$(TARGET_NAME)";
				SKIP_INSTALL = YES;
			};
			name = Debug;
		};
		653D0E9613A782AD00A5AB82 /* Release */ = {
			isa = XCBuildConfiguration;
			buildSettings = {
				DSTROOT = /tmp/Simon.dst;
				FRAMEWORK_SEARCH_PATHS = (
					"$(inherited)",
					"\"$(SRCROOT)/../Releases/dUsefulStuff/v0.0.10\"",
					"\"$(SRCROOT)/../Releases/ParseKit/v1.0.0\"",
					"\"$(SRCROOT)/../tools/OCHamcrest-1.5\"",
				);
				GCC_PRECOMPILE_PREFIX_HEADER = YES;
				GCC_PREFIX_HEADER = "Simon-Prefix.pch";
				PRODUCT_NAME = "$(TARGET_NAME)";
				SKIP_INSTALL = YES;
			};
			name = Release;
		};
		653D0EAF13A783A500A5AB82 /* Debug */ = {
			isa = XCBuildConfiguration;
			buildSettings = {
				CODE_SIGN_IDENTITY = "iPhone Developer";
				"CODE_SIGN_IDENTITY[sdk=iphoneos*]" = "iPhone Developer";
				FRAMEWORK_SEARCH_PATHS = (
					"$(inherited)",
					"\"$(SRCROOT)/../Releases/OCMock/v0.1.7\"",
					"\"$(SRCROOT)/../tools\"",
					"\"$(SRCROOT)/../tools/GHUnit 0.4.28\"",
					"\"$(SRCROOT)/../Releases/ParseKit/v1.0.0\"",
					"\"$(SRCROOT)/../Releases/dUsefulStuff/v0.0.10\"",
					"\"$(SRCROOT)/../tools/OCHamcrest-1.5\"",
				);
				GCC_PRECOMPILE_PREFIX_HEADER = YES;
				GCC_PREFIX_HEADER = "Simon-Prefix.pch";
				INFOPLIST_FILE = "tests/GHUnit-Tests-Info.plist";
				PRODUCT_NAME = "$(TARGET_NAME)";
				PROVISIONING_PROFILE = "";
				WRAPPER_EXTENSION = app;
			};
			name = Debug;
		};
		653D0EB013A783A500A5AB82 /* Release */ = {
			isa = XCBuildConfiguration;
			buildSettings = {
				CODE_SIGN_IDENTITY = "iPhone Developer";
				"CODE_SIGN_IDENTITY[sdk=iphoneos*]" = "iPhone Developer";
				FRAMEWORK_SEARCH_PATHS = (
					"$(inherited)",
					"\"$(SRCROOT)/../Releases/OCMock/v0.1.7\"",
					"\"$(SRCROOT)/../tools\"",
					"\"$(SRCROOT)/../tools/GHUnit 0.4.28\"",
					"\"$(SRCROOT)/../Releases/ParseKit/v1.0.0\"",
					"\"$(SRCROOT)/../Releases/dUsefulStuff/v0.0.10\"",
					"\"$(SRCROOT)/../tools/OCHamcrest-1.5\"",
				);
				GCC_PRECOMPILE_PREFIX_HEADER = YES;
				GCC_PREFIX_HEADER = "Simon-Prefix.pch";
				INFOPLIST_FILE = "tests/GHUnit-Tests-Info.plist";
				OTHER_CFLAGS = "-DNS_BLOCK_ASSERTIONS=1";
				PRODUCT_NAME = "$(TARGET_NAME)";
				PROVISIONING_PROFILE = "";
				WRAPPER_EXTENSION = app;
			};
			name = Release;
		};
/* End XCBuildConfiguration section */

/* Begin XCConfigurationList section */
		653D0E8413A782AC00A5AB82 /* Build configuration list for PBXProject "Simon" */ = {
			isa = XCConfigurationList;
			buildConfigurations = (
				653D0E9213A782AD00A5AB82 /* Debug */,
				653D0E9313A782AD00A5AB82 /* Release */,
			);
			defaultConfigurationIsVisible = 0;
			defaultConfigurationName = Release;
		};
		653D0E9413A782AD00A5AB82 /* Build configuration list for PBXNativeTarget "Simon" */ = {
			isa = XCConfigurationList;
			buildConfigurations = (
				653D0E9513A782AD00A5AB82 /* Debug */,
				653D0E9613A782AD00A5AB82 /* Release */,
			);
			defaultConfigurationIsVisible = 0;
			defaultConfigurationName = Release;
		};
		653D0EAE13A783A500A5AB82 /* Build configuration list for PBXNativeTarget "Unit tests" */ = {
			isa = XCConfigurationList;
			buildConfigurations = (
				653D0EAF13A783A500A5AB82 /* Debug */,
				653D0EB013A783A500A5AB82 /* Release */,
			);
			defaultConfigurationIsVisible = 0;
			defaultConfigurationName = Release;
		};
/* End XCConfigurationList section */
	};
	rootObject = 653D0E8113A782AC00A5AB82 /* Project object */;
}
