// !$*UTF8*$!
{
	archiveVersion = 1;
	classes = {
	};
	objectVersion = 46;
	objects = {

/* Begin PBXBuildFile section */
		653D0E8E13A782AD00A5AB82 /* Foundation.framework in Frameworks */ = {isa = PBXBuildFile; fileRef = 653D0E8D13A782AD00A5AB82 /* Foundation.framework */; };
/* End PBXBuildFile section */

/* Begin PBXFileReference section */
		653D0E8A13A782AD00A5AB82 /* libSimon.a */ = {isa = PBXFileReference; explicitFileType = archive.ar; includeInIndex = 0; path = libSimon.a; sourceTree = BUILT_PRODUCTS_DIR; };
		653D0E8D13A782AD00A5AB82 /* Foundation.framework */ = {isa = PBXFileReference; lastKnownFileType = wrapper.framework; name = Foundation.framework; path = System/Library/Frameworks/Foundation.framework; sourceTree = SDKROOT; };
		653D0E9113A782AD00A5AB82 /* Simon-Prefix.pch */ = {isa = PBXFileReference; lastKnownFileType = sourcecode.c.h; path = "Simon-Prefix.pch"; sourceTree = "<group>"; };
/* End PBXFileReference section */

/* Begin PBXFrameworksBuildPhase section */
		653D0E8713A782AD00A5AB82 /* Frameworks */ = {
			isa = PBXFrameworksBuildPhase;
			buildActionMask = 2147483647;
			files = (
				653D0E8E13A782AD00A5AB82 /* Foundation.framework in Frameworks */,
			);
			runOnlyForDeploymentPostprocessing = 0;
		};
/* End PBXFrameworksBuildPhase section */

/* Begin PBXGroup section */
		653D0E7F13A782AC00A5AB82 = {
			isa = PBXGroup;
			children = (
				653D0E8F13A782AD00A5AB82 /* Simon */,
				653D0E8C13A782AD00A5AB82 /* Frameworks */,
				653D0E8B13A782AD00A5AB82 /* Products */,
			);
			sourceTree = "<group>";
		};
		653D0E8B13A782AD00A5AB82 /* Products */ = {
			isa = PBXGroup;
			children = (
				653D0E8A13A782AD00A5AB82 /* libSimon.a */,
			);
			name = Products;
			sourceTree = "<group>";
		};
		653D0E8C13A782AD00A5AB82 /* Frameworks */ = {
			isa = PBXGroup;
			children = (
				653D0E8D13A782AD00A5AB82 /* Foundation.framework */,
			);
			name = Frameworks;
			sourceTree = "<group>";
		};
		653D0E8F13A782AD00A5AB82 /* Simon */ = {
			isa = PBXGroup;
			children = (
				653D0E9013A782AD00A5AB82 /* Supporting Files */,
			);
			path = Simon;
			sourceTree = "<group>";
		};
		653D0E9013A782AD00A5AB82 /* Supporting Files */ = {
			isa = PBXGroup;
			children = (
				653D0E9113A782AD00A5AB82 /* Simon-Prefix.pch */,
			);
			name = "Supporting Files";
			sourceTree = "<group>";
		};
/* End PBXGroup section */

/* Begin PBXHeadersBuildPhase section */
		653D0E8813A782AD00A5AB82 /* Headers */ = {
			isa = PBXHeadersBuildPhase;
			buildActionMask = 2147483647;
			files = (
			);
			runOnlyForDeploymentPostprocessing = 0;
		};
/* End PBXHeadersBuildPhase section */

/* Begin PBXNativeTarget section */
		653D0E8913A782AD00A5AB82 /* Simon */ = {
			isa = PBXNativeTarget;
			buildConfigurationList = 653D0E9413A782AD00A5AB82 /* Build configuration list for PBXNativeTarget "Simon" */;
			buildPhases = (
				653D0E8613A782AD00A5AB82 /* Sources */,
				653D0E8713A782AD00A5AB82 /* Frameworks */,
				653D0E8813A782AD00A5AB82 /* Headers */,
			);
			buildRules = (
			);
			dependencies = (
			);
			name = Simon;
			productName = Simon;
			productReference = 653D0E8A13A782AD00A5AB82 /* libSimon.a */;
			productType = "com.apple.product-type.library.static";
		};
/* End PBXNativeTarget section */

/* Begin PBXProject section */
		653D0E8113A782AC00A5AB82 /* Project object */ = {
			isa = PBXProject;
			attributes = {
				ORGANIZATIONNAME = Sensis;
			};
			buildConfigurationList = 653D0E8413A782AC00A5AB82 /* Build configuration list for PBXProject "Simon" */;
			compatibilityVersion = "Xcode 3.2";
			developmentRegion = English;
			hasScannedForEncodings = 0;
			knownRegions = (
				en,
			);
			mainGroup = 653D0E7F13A782AC00A5AB82;
			productRefGroup = 653D0E8B13A782AD00A5AB82 /* Products */;
			projectDirPath = "";
			projectRoot = "";
			targets = (
				653D0E8913A782AD00A5AB82 /* Simon */,
			);
		};
/* End PBXProject section */

/* Begin PBXSourcesBuildPhase section */
		653D0E8613A782AD00A5AB82 /* Sources */ = {
			isa = PBXSourcesBuildPhase;
			buildActionMask = 2147483647;
			files = (
			);
			runOnlyForDeploymentPostprocessing = 0;
		};
/* End PBXSourcesBuildPhase section */

/* Begin XCBuildConfiguration section */
		653D0E9213A782AD00A5AB82 /* Debug */ = {
			isa = XCBuildConfiguration;
			buildSettings = {
				ALWAYS_SEARCH_USER_PATHS = NO;
				ARCHS = "$(ARCHS_STANDARD_32_BIT)";
				CLANG_ENABLE_OBJC_ARC = YES;
				COPY_PHASE_STRIP = NO;
				GCC_C_LANGUAGE_STANDARD = gnu99;
				GCC_DYNAMIC_NO_PIC = NO;
				GCC_OPTIMIZATION_LEVEL = 0;
				GCC_PREPROCESSOR_DEFINITIONS = (
					"DEBUG=1",
					"$(inherited)",
				);
				GCC_SYMBOLS_PRIVATE_EXTERN = NO;
				GCC_VERSION = com.apple.compilers.llvm.clang.1_0;
				GCC_WARN_ABOUT_MISSING_PROTOTYPES = YES;
				GCC_WARN_ABOUT_RETURN_TYPE = YES;
				GCC_WARN_UNUSED_VARIABLE = YES;
				IPHONEOS_DEPLOYMENT_TARGET = 5.0;
				SDKROOT = iphoneos;
			};
			name = Debug;
		};
		653D0E9313A782AD00A5AB82 /* Release */ = {
			isa = XCBuildConfiguration;
			buildSettings = {
				ALWAYS_SEARCH_USER_PATHS = NO;
				ARCHS = "$(ARCHS_STANDARD_32_BIT)";
				CLANG_ENABLE_OBJC_ARC = YES;
				COPY_PHASE_STRIP = YES;
				GCC_C_LANGUAGE_STANDARD = gnu99;
				GCC_VERSION = com.apple.compilers.llvm.clang.1_0;
				GCC_WARN_ABOUT_MISSING_PROTOTYPES = YES;
				GCC_WARN_ABOUT_RETURN_TYPE = YES;
				GCC_WARN_UNUSED_VARIABLE = YES;
				IPHONEOS_DEPLOYMENT_TARGET = 5.0;
				SDKROOT = iphoneos;
				VALIDATE_PRODUCT = YES;
			};
			name = Release;
		};
		653D0E9513A782AD00A5AB82 /* Debug */ = {
			isa = XCBuildConfiguration;
			buildSettings = {
				DSTROOT = /tmp/Simon.dst;
				GCC_PRECOMPILE_PREFIX_HEADER = YES;
				GCC_PREFIX_HEADER = "Simon/Simon-Prefix.pch";
				OTHER_LDFLAGS = "-ObjC";
				PRODUCT_NAME = "$(TARGET_NAME)";
				SKIP_INSTALL = YES;
			};
			name = Debug;
		};
		653D0E9613A782AD00A5AB82 /* Release */ = {
			isa = XCBuildConfiguration;
			buildSettings = {
				DSTROOT = /tmp/Simon.dst;
				GCC_PRECOMPILE_PREFIX_HEADER = YES;
				GCC_PREFIX_HEADER = "Simon/Simon-Prefix.pch";
				OTHER_LDFLAGS = "-ObjC";
				PRODUCT_NAME = "$(TARGET_NAME)";
				SKIP_INSTALL = YES;
			};
			name = Release;
		};
/* End XCBuildConfiguration section */

/* Begin XCConfigurationList section */
		653D0E8413A782AC00A5AB82 /* Build configuration list for PBXProject "Simon" */ = {
			isa = XCConfigurationList;
			buildConfigurations = (
				653D0E9213A782AD00A5AB82 /* Debug */,
				653D0E9313A782AD00A5AB82 /* Release */,
			);
			defaultConfigurationIsVisible = 0;
			defaultConfigurationName = Release;
		};
		653D0E9413A782AD00A5AB82 /* Build configuration list for PBXNativeTarget "Simon" */ = {
			isa = XCConfigurationList;
			buildConfigurations = (
				653D0E9513A782AD00A5AB82 /* Debug */,
				653D0E9613A782AD00A5AB82 /* Release */,
			);
			defaultConfigurationIsVisible = 0;
		};
/* End XCConfigurationList section */
	};
	rootObject = 653D0E8113A782AC00A5AB82 /* Project object */;
}
